
Microsoft Visual Studio Solution File, Format Version 12.00
# Visual Studio Version 17
VisualStudioVersion = 17.5.33530.505
MinimumVisualStudioVersion = 10.0.40219.1
Project("{FAE04EC0-301F-11D3-BF4B-00C04F79EFBC}") = "VehiclePosition", "VehiclePosition\VehiclePosition.csproj", "{7945C49D-AE6A-4BF1-B780-FB30D44FD5A5}"
EndProject
Global
	GlobalSection(SolutionConfigurationPlatforms) = preSolution
		Debug|Any CPU = Debug|Any CPU
		Release|Any CPU = Release|Any CPU
	EndGlobalSection
	GlobalSection(ProjectConfigurationPlatforms) = postSolution
		{7945C49D-AE6A-4BF1-B780-FB30D44FD5A5}.Debug|Any CPU.ActiveCfg = Debug|Any CPU
		{7945C49D-AE6A-4BF1-B780-FB30D44FD5A5}.Debug|Any CPU.Build.0 = Debug|Any CPU
		{7945C49D-AE6A-4BF1-B780-FB30D44FD5A5}.Release|Any CPU.ActiveCfg = Release|Any CPU
		{7945C49D-AE6A-4BF1-B780-FB30D44FD5A5}.Release|Any CPU.Build.0 = Release|Any CPU
	EndGlobalSection
	GlobalSection(SolutionProperties) = preSolution
		HideSolutionNode = FALSE
	EndGlobalSection
	GlobalSection(ExtensibilityGlobals) = postSolution
		SolutionGuid = {BD260E17-69D5-440C-ABAE-B540166A4297}
	EndGlobalSection
EndGlobal
